
Microsoft Visual Studio Solution File, Format Version 12.00
# Visual Studio Version 16
VisualStudioVersion = 16.0.31313.79
MinimumVisualStudioVersion = 10.0.40219.1
Project("{8BC9CEB8-8B4A-11D0-8D11-00A0C91BC942}") = "Snake 3D Pro", "Snake 3D Pro\Snake 3D Pro.vcxproj", "{6138FE47-1A23-457D-8B1F-3A5D75A30A6E}"
EndProject
Global
	GlobalSection(SolutionConfigurationPlatforms) = preSolution
		Debug|x64 = Debug|x64
		Debug|x86 = Debug|x86
		Release|x64 = Release|x64
		Release|x86 = Release|x86
	EndGlobalSection
	GlobalSection(ProjectConfigurationPlatforms) = postSolution
		{6138FE47-1A23-457D-8B1F-3A5D75A30A6E}.Debug|x64.ActiveCfg = Debug|x64
		{6138FE47-1A23-457D-8B1F-3A5D75A30A6E}.Debug|x64.Build.0 = Debug|x64
		{6138FE47-1A23-457D-8B1F-3A5D75A30A6E}.Debug|x86.ActiveCfg = Debug|Win32
		{6138FE47-1A23-457D-8B1F-3A5D75A30A6E}.Debug|x86.Build.0 = Debug|Win32
		{6138FE47-1A23-457D-8B1F-3A5D75A30A6E}.Release|x64.ActiveCfg = Release|x64
		{6138FE47-1A23-457D-8B1F-3A5D75A30A6E}.Release|x64.Build.0 = Release|x64
		{6138FE47-1A23-457D-8B1F-3A5D75A30A6E}.Release|x86.ActiveCfg = Release|Win32
		{6138FE47-1A23-457D-8B1F-3A5D75A30A6E}.Release|x86.Build.0 = Release|Win32
	EndGlobalSection
	GlobalSection(SolutionProperties) = preSolution
		HideSolutionNode = FALSE
	EndGlobalSection
	GlobalSection(ExtensibilityGlobals) = postSolution
		SolutionGuid = {082EE860-A6E4-4920-83A8-9E7745E7721C}
	EndGlobalSection
EndGlobal
